
Microsoft Visual Studio Solution File, Format Version 12.00
# Visual Studio Version 17
VisualStudioVersion = 17.4.33110.190
MinimumVisualStudioVersion = 10.0.40219.1
Project("{9A19103F-16F7-4668-BE54-9A1E7A4F7556}") = "Server", "Server\Server.csproj", "{6BA0241D-7F09-4437-8B0A-EF3150DDA52E}"
EndProject
Project("{FAE04EC0-301F-11D3-BF4B-00C04F79EFBC}") = "ProductLibrary", "ProductLibrary\ProductLibrary.csproj", "{859BD1A7-0B92-4AB3-A002-CD6DE77E4D3C}"
EndProject
Project("{FAE04EC0-301F-11D3-BF4B-00C04F79EFBC}") = "Client", "Client\Client.csproj", "{83852BA2-1A2B-42D1-A0BF-43BEAB60DA9A}"
EndProject
Global
	GlobalSection(SolutionConfigurationPlatforms) = preSolution
		Debug|Any CPU = Debug|Any CPU
		Release|Any CPU = Release|Any CPU
	EndGlobalSection
	GlobalSection(ProjectConfigurationPlatforms) = postSolution
		{6BA0241D-7F09-4437-8B0A-EF3150DDA52E}.Debug|Any CPU.ActiveCfg = Debug|Any CPU
		{6BA0241D-7F09-4437-8B0A-EF3150DDA52E}.Debug|Any CPU.Build.0 = Debug|Any CPU
		{6BA0241D-7F09-4437-8B0A-EF3150DDA52E}.Release|Any CPU.ActiveCfg = Release|Any CPU
		{6BA0241D-7F09-4437-8B0A-EF3150DDA52E}.Release|Any CPU.Build.0 = Release|Any CPU
		{859BD1A7-0B92-4AB3-A002-CD6DE77E4D3C}.Debug|Any CPU.ActiveCfg = Debug|Any CPU
		{859BD1A7-0B92-4AB3-A002-CD6DE77E4D3C}.Debug|Any CPU.Build.0 = Debug|Any CPU
		{859BD1A7-0B92-4AB3-A002-CD6DE77E4D3C}.Release|Any CPU.ActiveCfg = Release|Any CPU
		{859BD1A7-0B92-4AB3-A002-CD6DE77E4D3C}.Release|Any CPU.Build.0 = Release|Any CPU
		{83852BA2-1A2B-42D1-A0BF-43BEAB60DA9A}.Debug|Any CPU.ActiveCfg = Debug|Any CPU
		{83852BA2-1A2B-42D1-A0BF-43BEAB60DA9A}.Debug|Any CPU.Build.0 = Debug|Any CPU
		{83852BA2-1A2B-42D1-A0BF-43BEAB60DA9A}.Release|Any CPU.ActiveCfg = Release|Any CPU
		{83852BA2-1A2B-42D1-A0BF-43BEAB60DA9A}.Release|Any CPU.Build.0 = Release|Any CPU
	EndGlobalSection
	GlobalSection(SolutionProperties) = preSolution
		HideSolutionNode = FALSE
	EndGlobalSection
	GlobalSection(ExtensibilityGlobals) = postSolution
		SolutionGuid = {F3C97E9D-DBA9-4007-B3C4-9225211F8F05}
	EndGlobalSection
EndGlobal
